{
  "name": "fullclarity.documentation",
  "version": "2020.2",
  "lockfileVersion": 1,
  "requires": true,
  "dependencies": {
    "vuepress-plugin-clean-urls": {
      "version": "1.1.2",
      "resolved": "https://registry.npmjs.org/vuepress-plugin-clean-urls/-/vuepress-plugin-clean-urls-1.1.2.tgz",
      "integrity": "sha512-36r6XT9stybGSL9zHfFM6F+EBOF9rRDzGdNeias3AmU3AH5+DqsciMjRpHfecKXDKeVcc0PlNfG1Tf19CW5MzA==",
      "dev": true
    }
  }
}
